
Microsoft Visual Studio Solution File, Format Version 12.00
# Visual Studio Version 17
VisualStudioVersion = 17.3.32611.2
MinimumVisualStudioVersion = 10.0.40219.1
Project("{FAE04EC0-301F-11D3-BF4B-00C04F79EFBC}") = "TestLoaderApp", "src\TestLoaderApp\TestLoaderApp.csproj", "{3102F282-CB7F-49EF-B18D-1F8351F19048}"
EndProject
Project("{FAE04EC0-301F-11D3-BF4B-00C04F79EFBC}") = "Common", "src\Common\Common.csproj", "{6FD6A08A-4E1D-4E1D-B1C7-442530267030}"
EndProject
Global
	GlobalSection(SolutionConfigurationPlatforms) = preSolution
		Debug|Any CPU = Debug|Any CPU
		Release|Any CPU = Release|Any CPU
	EndGlobalSection
	GlobalSection(ProjectConfigurationPlatforms) = postSolution
		{3102F282-CB7F-49EF-B18D-1F8351F19048}.Debug|Any CPU.ActiveCfg = Debug|Any CPU
		{3102F282-CB7F-49EF-B18D-1F8351F19048}.Debug|Any CPU.Build.0 = Debug|Any CPU
		{3102F282-CB7F-49EF-B18D-1F8351F19048}.Release|Any CPU.ActiveCfg = Release|Any CPU
		{3102F282-CB7F-49EF-B18D-1F8351F19048}.Release|Any CPU.Build.0 = Release|Any CPU
		{6FD6A08A-4E1D-4E1D-B1C7-442530267030}.Debug|Any CPU.ActiveCfg = Debug|Any CPU
		{6FD6A08A-4E1D-4E1D-B1C7-442530267030}.Debug|Any CPU.Build.0 = Debug|Any CPU
		{6FD6A08A-4E1D-4E1D-B1C7-442530267030}.Release|Any CPU.ActiveCfg = Release|Any CPU
		{6FD6A08A-4E1D-4E1D-B1C7-442530267030}.Release|Any CPU.Build.0 = Release|Any CPU
	EndGlobalSection
	GlobalSection(SolutionProperties) = preSolution
		HideSolutionNode = FALSE
	EndGlobalSection
	GlobalSection(ExtensibilityGlobals) = postSolution
		SolutionGuid = {7E195AE3-8B5B-4ECE-9CE0-77B7D235CE63}
	EndGlobalSection
EndGlobal
